
Microsoft Visual Studio Solution File, Format Version 12.00
# Visual Studio Version 17
VisualStudioVersion = 17.7.34031.279
MinimumVisualStudioVersion = 10.0.40219.1
Project("{9A19103F-16F7-4668-BE54-9A1E7A4F7556}") = "ProyectoResidenciasApi", "ProyectoResidenciasApi\ProyectoResidenciasApi.csproj", "{221BED4F-240C-4045-A47A-71D05643DBAA}"
EndProject
Project("{9A19103F-16F7-4668-BE54-9A1E7A4F7556}") = "ProyectoResidenciasWeb", "ProyectoResidenciasWeb\ProyectoResidenciasWeb.csproj", "{4B35428C-E957-4574-AA7D-B3AFAD92BE2B}"
EndProject
Global
	GlobalSection(SolutionConfigurationPlatforms) = preSolution
		Debug|Any CPU = Debug|Any CPU
		Release|Any CPU = Release|Any CPU
	EndGlobalSection
	GlobalSection(ProjectConfigurationPlatforms) = postSolution
		{221BED4F-240C-4045-A47A-71D05643DBAA}.Debug|Any CPU.ActiveCfg = Debug|Any CPU
		{221BED4F-240C-4045-A47A-71D05643DBAA}.Debug|Any CPU.Build.0 = Debug|Any CPU
		{221BED4F-240C-4045-A47A-71D05643DBAA}.Release|Any CPU.ActiveCfg = Release|Any CPU
		{221BED4F-240C-4045-A47A-71D05643DBAA}.Release|Any CPU.Build.0 = Release|Any CPU
		{4B35428C-E957-4574-AA7D-B3AFAD92BE2B}.Debug|Any CPU.ActiveCfg = Debug|Any CPU
		{4B35428C-E957-4574-AA7D-B3AFAD92BE2B}.Debug|Any CPU.Build.0 = Debug|Any CPU
		{4B35428C-E957-4574-AA7D-B3AFAD92BE2B}.Release|Any CPU.ActiveCfg = Release|Any CPU
		{4B35428C-E957-4574-AA7D-B3AFAD92BE2B}.Release|Any CPU.Build.0 = Release|Any CPU
	EndGlobalSection
	GlobalSection(SolutionProperties) = preSolution
		HideSolutionNode = FALSE
	EndGlobalSection
	GlobalSection(ExtensibilityGlobals) = postSolution
		SolutionGuid = {65A996EA-0F5F-4927-BE87-B9760E180489}
	EndGlobalSection
EndGlobal
